
Microsoft Visual Studio Solution File, Format Version 12.00
# Visual Studio Version 17
VisualStudioVersion = 17.9.34723.18
MinimumVisualStudioVersion = 10.0.40219.1
Project("{FAE04EC0-301F-11D3-BF4B-00C04F79EFBC}") = "Arboles Binarios", "Arboles Binarios\Arboles Binarios.csproj", "{53DDD008-22B5-4802-AC40-C23074CE169C}"
EndProject
Global
	GlobalSection(SolutionConfigurationPlatforms) = preSolution
		Debug|Any CPU = Debug|Any CPU
		Release|Any CPU = Release|Any CPU
	EndGlobalSection
	GlobalSection(ProjectConfigurationPlatforms) = postSolution
		{53DDD008-22B5-4802-AC40-C23074CE169C}.Debug|Any CPU.ActiveCfg = Debug|Any CPU
		{53DDD008-22B5-4802-AC40-C23074CE169C}.Debug|Any CPU.Build.0 = Debug|Any CPU
		{53DDD008-22B5-4802-AC40-C23074CE169C}.Release|Any CPU.ActiveCfg = Release|Any CPU
		{53DDD008-22B5-4802-AC40-C23074CE169C}.Release|Any CPU.Build.0 = Release|Any CPU
	EndGlobalSection
	GlobalSection(SolutionProperties) = preSolution
		HideSolutionNode = FALSE
	EndGlobalSection
	GlobalSection(ExtensibilityGlobals) = postSolution
		SolutionGuid = {7F8B1058-4FD6-4B0F-9CBE-C7224F447142}
	EndGlobalSection
EndGlobal
